// !$*UTF8*$!
{
	archiveVersion = 1;
	classes = {
	};
	objectVersion = 50;
	objects = {

/* Begin PBXBuildFile section */
		B2A6BBD4238952FD002A7D36 /* AppDelegate.swift in Sources */ = {isa = PBXBuildFile; fileRef = B2A6BBD3238952FD002A7D36 /* AppDelegate.swift */; };
		B2A6BBD6238952FD002A7D36 /* SceneDelegate.swift in Sources */ = {isa = PBXBuildFile; fileRef = B2A6BBD5238952FD002A7D36 /* SceneDelegate.swift */; };
		B2A6BBD8238952FD002A7D36 /* ViewController.swift in Sources */ = {isa = PBXBuildFile; fileRef = B2A6BBD7238952FD002A7D36 /* ViewController.swift */; };
		B2A6BBDB238952FD002A7D36 /* Main.storyboard in Resources */ = {isa = PBXBuildFile; fileRef = B2A6BBD9238952FD002A7D36 /* Main.storyboard */; };
		B2A6BBDD238952FE002A7D36 /* Assets.xcassets in Resources */ = {isa = PBXBuildFile; fileRef = B2A6BBDC238952FE002A7D36 /* Assets.xcassets */; };
		B2A6BBE0238952FE002A7D36 /* LaunchScreen.storyboard in Resources */ = {isa = PBXBuildFile; fileRef = B2A6BBDE238952FE002A7D36 /* LaunchScreen.storyboard */; };
		B2A6BBE823895349002A7D36 /* openViewController.swift in Sources */ = {isa = PBXBuildFile; fileRef = B2A6BBE723895349002A7D36 /* openViewController.swift */; };
		B2A6BBEA23895370002A7D36 /* 11ViewController.swift in Sources */ = {isa = PBXBuildFile; fileRef = B2A6BBE923895370002A7D36 /* 11ViewController.swift */; };
		B2A6BBEC238953AF002A7D36 /* 21ViewController.swift in Sources */ = {isa = PBXBuildFile; fileRef = B2A6BBEB238953AF002A7D36 /* 21ViewController.swift */; };
		B2A6BBEE23895686002A7D36 /* Contents.json in Resources */ = {isa = PBXBuildFile; fileRef = B2A6BBED23895686002A7D36 /* Contents.json */; };
		B2A6BBF023895721002A7D36 /* firstRoundPingPong.jpg in Resources */ = {isa = PBXBuildFile; fileRef = B2A6BBEF23895721002A7D36 /* firstRoundPingPong.jpg */; };
		B2A6BBF4238FB229002A7D36 /* CustomButton.swift in Sources */ = {isa = PBXBuildFile; fileRef = B2A6BBF3238FB229002A7D36 /* CustomButton.swift */; };
		B2A6BBF6238FB55E002A7D36 /* CustomResetButton.swift in Sources */ = {isa = PBXBuildFile; fileRef = B2A6BBF5238FB55E002A7D36 /* CustomResetButton.swift */; };
		B2A6BBF8238FB62C002A7D36 /* CustomLabel.swift in Sources */ = {isa = PBXBuildFile; fileRef = B2A6BBF7238FB62C002A7D36 /* CustomLabel.swift */; };
		B2A6BBFA238FB8B9002A7D36 /* pulsate.swift in Sources */ = {isa = PBXBuildFile; fileRef = B2A6BBF9238FB8B9002A7D36 /* pulsate.swift */; };
/* End PBXBuildFile section */

/* Begin PBXFileReference section */
		B2A6BBD0238952FD002A7D36 /* pingPong11-23-19.app */ = {isa = PBXFileReference; explicitFileType = wrapper.application; includeInIndex = 0; path = "pingPong11-23-19.app"; sourceTree = BUILT_PRODUCTS_DIR; };
		B2A6BBD3238952FD002A7D36 /* AppDelegate.swift */ = {isa = PBXFileReference; lastKnownFileType = sourcecode.swift; path = AppDelegate.swift; sourceTree = "<group>"; };
		B2A6BBD5238952FD002A7D36 /* SceneDelegate.swift */ = {isa = PBXFileReference; lastKnownFileType = sourcecode.swift; path = SceneDelegate.swift; sourceTree = "<group>"; };
		B2A6BBD7238952FD002A7D36 /* ViewController.swift */ = {isa = PBXFileReference; lastKnownFileType = sourcecode.swift; path = ViewController.swift; sourceTree = "<group>"; };
		B2A6BBDA238952FD002A7D36 /* Base */ = {isa = PBXFileReference; lastKnownFileType = file.storyboard; name = Base; path = Base.lproj/Main.storyboard; sourceTree = "<group>"; };
		B2A6BBDC238952FE002A7D36 /* Assets.xcassets */ = {isa = PBXFileReference; lastKnownFileType = folder.assetcatalog; path = Assets.xcassets; sourceTree = "<group>"; };
		B2A6BBDF238952FE002A7D36 /* Base */ = {isa = PBXFileReference; lastKnownFileType = file.storyboard; name = Base; path = Base.lproj/LaunchScreen.storyboard; sourceTree = "<group>"; };
		B2A6BBE1238952FE002A7D36 /* Info.plist */ = {isa = PBXFileReference; lastKnownFileType = text.plist.xml; path = Info.plist; sourceTree = "<group>"; };
		B2A6BBE723895349002A7D36 /* openViewController.swift */ = {isa = PBXFileReference; lastKnownFileType = sourcecode.swift; path = openViewController.swift; sourceTree = "<group>"; };
		B2A6BBE923895370002A7D36 /* 11ViewController.swift */ = {isa = PBXFileReference; lastKnownFileType = sourcecode.swift; path = 11ViewController.swift; sourceTree = "<group>"; };
		B2A6BBEB238953AF002A7D36 /* 21ViewController.swift */ = {isa = PBXFileReference; lastKnownFileType = sourcecode.swift; path = 21ViewController.swift; sourceTree = "<group>"; };
		B2A6BBED23895686002A7D36 /* Contents.json */ = {isa = PBXFileReference; fileEncoding = 4; lastKnownFileType = text.json; name = Contents.json; path = "../../pingPong10-6-19/pingPong10-6-19/Assets.xcassets/Contents.json"; sourceTree = "<group>"; };
		B2A6BBEF23895721002A7D36 /* firstRoundPingPong.jpg */ = {isa = PBXFileReference; lastKnownFileType = image.jpeg; name = firstRoundPingPong.jpg; path = ../../firstRoundPingPong.jpg; sourceTree = "<group>"; };
		B2A6BBF3238FB229002A7D36 /* CustomButton.swift */ = {isa = PBXFileReference; lastKnownFileType = sourcecode.swift; path = CustomButton.swift; sourceTree = "<group>"; };
		B2A6BBF5238FB55E002A7D36 /* CustomResetButton.swift */ = {isa = PBXFileReference; lastKnownFileType = sourcecode.swift; path = CustomResetButton.swift; sourceTree = "<group>"; };
		B2A6BBF7238FB62C002A7D36 /* CustomLabel.swift */ = {isa = PBXFileReference; lastKnownFileType = sourcecode.swift; path = CustomLabel.swift; sourceTree = "<group>"; };
		B2A6BBF9238FB8B9002A7D36 /* pulsate.swift */ = {isa = PBXFileReference; lastKnownFileType = sourcecode.swift; path = pulsate.swift; sourceTree = "<group>"; };
/* End PBXFileReference section */

/* Begin PBXFrameworksBuildPhase section */
		B2A6BBCD238952FD002A7D36 /* Frameworks */ = {
			isa = PBXFrameworksBuildPhase;
			buildActionMask = 2147483647;
			files = (
			);
			runOnlyForDeploymentPostprocessing = 0;
		};
/* End PBXFrameworksBuildPhase section */

/* Begin PBXGroup section */
		B2A6BBC7238952FD002A7D36 = {
			isa = PBXGroup;
			children = (
				B2A6BBD2238952FD002A7D36 /* pingPong11-23-19 */,
				B2A6BBD1238952FD002A7D36 /* Products */,
			);
			sourceTree = "<group>";
		};
		B2A6BBD1238952FD002A7D36 /* Products */ = {
			isa = PBXGroup;
			children = (
				B2A6BBD0238952FD002A7D36 /* pingPong11-23-19.app */,
			);
			name = Products;
			sourceTree = "<group>";
		};
		B2A6BBD2238952FD002A7D36 /* pingPong11-23-19 */ = {
			isa = PBXGroup;
			children = (
				B2A6BBD3238952FD002A7D36 /* AppDelegate.swift */,
				B2A6BBD5238952FD002A7D36 /* SceneDelegate.swift */,
				B2A6BBD7238952FD002A7D36 /* ViewController.swift */,
				B2A6BBD9238952FD002A7D36 /* Main.storyboard */,
				B2A6BBE723895349002A7D36 /* openViewController.swift */,
				B2A6BBE923895370002A7D36 /* 11ViewController.swift */,
				B2A6BBEB238953AF002A7D36 /* 21ViewController.swift */,
				B2A6BBF3238FB229002A7D36 /* CustomButton.swift */,
				B2A6BBF5238FB55E002A7D36 /* CustomResetButton.swift */,
				B2A6BBF7238FB62C002A7D36 /* CustomLabel.swift */,
				B2A6BBF9238FB8B9002A7D36 /* pulsate.swift */,
				B2A6BBDC238952FE002A7D36 /* Assets.xcassets */,
				B2A6BBEF23895721002A7D36 /* firstRoundPingPong.jpg */,
				B2A6BBED23895686002A7D36 /* Contents.json */,
				B2A6BBDE238952FE002A7D36 /* LaunchScreen.storyboard */,
				B2A6BBE1238952FE002A7D36 /* Info.plist */,
			);
			path = "pingPong11-23-19";
			sourceTree = "<group>";
		};
/* End PBXGroup section */

/* Begin PBXNativeTarget section */
		B2A6BBCF238952FD002A7D36 /* pingPong11-23-19 */ = {
			isa = PBXNativeTarget;
			buildConfigurationList = B2A6BBE4238952FE002A7D36 /* Build configuration list for PBXNativeTarget "pingPong11-23-19" */;
			buildPhases = (
				B2A6BBCC238952FD002A7D36 /* Sources */,
				B2A6BBCD238952FD002A7D36 /* Frameworks */,
				B2A6BBCE238952FD002A7D36 /* Resources */,
			);
			buildRules = (
			);
			dependencies = (
			);
			name = "pingPong11-23-19";
			productName = "pingPong11-23-19";
			productReference = B2A6BBD0238952FD002A7D36 /* pingPong11-23-19.app */;
			productType = "com.apple.product-type.application";
		};
/* End PBXNativeTarget section */

/* Begin PBXProject section */
		B2A6BBC8238952FD002A7D36 /* Project object */ = {
			isa = PBXProject;
			attributes = {
				LastSwiftUpdateCheck = 1120;
				LastUpgradeCheck = 1120;
				ORGANIZATIONNAME = "jon emery";
				TargetAttributes = {
					B2A6BBCF238952FD002A7D36 = {
						CreatedOnToolsVersion = 11.2.1;
					};
				};
			};
			buildConfigurationList = B2A6BBCB238952FD002A7D36 /* Build configuration list for PBXProject "pingPong11-23-19" */;
			compatibilityVersion = "Xcode 9.3";
			developmentRegion = en;
			hasScannedForEncodings = 0;
			knownRegions = (
				en,
				Base,
			);
			mainGroup = B2A6BBC7238952FD002A7D36;
			productRefGroup = B2A6BBD1238952FD002A7D36 /* Products */;
			projectDirPath = "";
			projectRoot = "";
			targets = (
				B2A6BBCF238952FD002A7D36 /* pingPong11-23-19 */,
			);
		};
/* End PBXProject section */

/* Begin PBXResourcesBuildPhase section */
		B2A6BBCE238952FD002A7D36 /* Resources */ = {
			isa = PBXResourcesBuildPhase;
			buildActionMask = 2147483647;
			files = (
				B2A6BBE0238952FE002A7D36 /* LaunchScreen.storyboard in Resources */,
				B2A6BBF023895721002A7D36 /* firstRoundPingPong.jpg in Resources */,
				B2A6BBDD238952FE002A7D36 /* Assets.xcassets in Resources */,
				B2A6BBDB238952FD002A7D36 /* Main.storyboard in Resources */,
				B2A6BBEE23895686002A7D36 /* Contents.json in Resources */,
			);
			runOnlyForDeploymentPostprocessing = 0;
		};
/* End PBXResourcesBuildPhase section */

/* Begin PBXSourcesBuildPhase section */
		B2A6BBCC238952FD002A7D36 /* Sources */ = {
			isa = PBXSourcesBuildPhase;
			buildActionMask = 2147483647;
			files = (
				B2A6BBEC238953AF002A7D36 /* 21ViewController.swift in Sources */,
				B2A6BBF8238FB62C002A7D36 /* CustomLabel.swift in Sources */,
				B2A6BBFA238FB8B9002A7D36 /* pulsate.swift in Sources */,
				B2A6BBE823895349002A7D36 /* openViewController.swift in Sources */,
				B2A6BBD8238952FD002A7D36 /* ViewController.swift in Sources */,
				B2A6BBEA23895370002A7D36 /* 11ViewController.swift in Sources */,
				B2A6BBF6238FB55E002A7D36 /* CustomResetButton.swift in Sources */,
				B2A6BBF4238FB229002A7D36 /* CustomButton.swift in Sources */,
				B2A6BBD4238952FD002A7D36 /* AppDelegate.swift in Sources */,
				B2A6BBD6238952FD002A7D36 /* SceneDelegate.swift in Sources */,
			);
			runOnlyForDeploymentPostprocessing = 0;
		};
/* End PBXSourcesBuildPhase section */

/* Begin PBXVariantGroup section */
		B2A6BBD9238952FD002A7D36 /* Main.storyboard */ = {
			isa = PBXVariantGroup;
			children = (
				B2A6BBDA238952FD002A7D36 /* Base */,
			);
			name = Main.storyboard;
			sourceTree = "<group>";
		};
		B2A6BBDE238952FE002A7D36 /* LaunchScreen.storyboard */ = {
			isa = PBXVariantGroup;
			children = (
				B2A6BBDF238952FE002A7D36 /* Base */,
			);
			name = LaunchScreen.storyboard;
			sourceTree = "<group>";
		};
/* End PBXVariantGroup section */

/* Begin XCBuildConfiguration section */
		B2A6BBE2238952FE002A7D36 /* Debug */ = {
			isa = XCBuildConfiguration;
			buildSettings = {
				ALWAYS_SEARCH_USER_PATHS = NO;
				CLANG_ANALYZER_NONNULL = YES;
				CLANG_ANALYZER_NUMBER_OBJECT_CONVERSION = YES_AGGRESSIVE;
				CLANG_CXX_LANGUAGE_STANDARD = "gnu++14";
				CLANG_CXX_LIBRARY = "libc++";
				CLANG_ENABLE_MODULES = YES;
				CLANG_ENABLE_OBJC_ARC = YES;
				CLANG_ENABLE_OBJC_WEAK = YES;
				CLANG_WARN_BLOCK_CAPTURE_AUTORELEASING = YES;
				CLANG_WARN_BOOL_CONVERSION = YES;
				CLANG_WARN_COMMA = YES;
				CLANG_WARN_CONSTANT_CONVERSION = YES;
				CLANG_WARN_DEPRECATED_OBJC_IMPLEMENTATIONS = YES;
				CLANG_WARN_DIRECT_OBJC_ISA_USAGE = YES_ERROR;
				CLANG_WARN_DOCUMENTATION_COMMENTS = YES;
				CLANG_WARN_EMPTY_BODY = YES;
				CLANG_WARN_ENUM_CONVERSION = YES;
				CLANG_WARN_INFINITE_RECURSION = YES;
				CLANG_WARN_INT_CONVERSION = YES;
				CLANG_WARN_NON_LITERAL_NULL_CONVERSION = YES;
				CLANG_WARN_OBJC_IMPLICIT_RETAIN_SELF = YES;
				CLANG_WARN_OBJC_LITERAL_CONVERSION = YES;
				CLANG_WARN_OBJC_ROOT_CLASS = YES_ERROR;
				CLANG_WARN_RANGE_LOOP_ANALYSIS = YES;
				CLANG_WARN_STRICT_PROTOTYPES = YES;
				CLANG_WARN_SUSPICIOUS_MOVE = YES;
				CLANG_WARN_UNGUARDED_AVAILABILITY = YES_AGGRESSIVE;
				CLANG_WARN_UNREACHABLE_CODE = YES;
				CLANG_WARN__DUPLICATE_METHOD_MATCH = YES;
				COPY_PHASE_STRIP = NO;
				DEBUG_INFORMATION_FORMAT = dwarf;
				ENABLE_STRICT_OBJC_MSGSEND = YES;
				ENABLE_TESTABILITY = YES;
				GCC_C_LANGUAGE_STANDARD = gnu11;
				GCC_DYNAMIC_NO_PIC = NO;
				GCC_NO_COMMON_BLOCKS = YES;
				GCC_OPTIMIZATION_LEVEL = 0;
				GCC_PREPROCESSOR_DEFINITIONS = (
					"DEBUG=1",
					"$(inherited)",
				);
				GCC_WARN_64_TO_32_BIT_CONVERSION = YES;
				GCC_WARN_ABOUT_RETURN_TYPE = YES_ERROR;
				GCC_WARN_UNDECLARED_SELECTOR = YES;
				GCC_WARN_UNINITIALIZED_AUTOS = YES_AGGRESSIVE;
				GCC_WARN_UNUSED_FUNCTION = YES;
				GCC_WARN_UNUSED_VARIABLE = YES;
				IPHONEOS_DEPLOYMENT_TARGET = 13.2;
				MTL_ENABLE_DEBUG_INFO = INCLUDE_SOURCE;
				MTL_FAST_MATH = YES;
				ONLY_ACTIVE_ARCH = YES;
				SDKROOT = iphoneos;
				SWIFT_ACTIVE_COMPILATION_CONDITIONS = DEBUG;
				SWIFT_OPTIMIZATION_LEVEL = "-Onone";
			};
			name = Debug;
		};
		B2A6BBE3238952FE002A7D36 /* Release */ = {
			isa = XCBuildConfiguration;
			buildSettings = {
				ALWAYS_SEARCH_USER_PATHS = NO;
				CLANG_ANALYZER_NONNULL = YES;
				CLANG_ANALYZER_NUMBER_OBJECT_CONVERSION = YES_AGGRESSIVE;
				CLANG_CXX_LANGUAGE_STANDARD = "gnu++14";
				CLANG_CXX_LIBRARY = "libc++";
				CLANG_ENABLE_MODULES = YES;
				CLANG_ENABLE_OBJC_ARC = YES;
				CLANG_ENABLE_OBJC_WEAK = YES;
				CLANG_WARN_BLOCK_CAPTURE_AUTORELEASING = YES;
				CLANG_WARN_BOOL_CONVERSION = YES;
				CLANG_WARN_COMMA = YES;
				CLANG_WARN_CONSTANT_CONVERSION = YES;
				CLANG_WARN_DEPRECATED_OBJC_IMPLEMENTATIONS = YES;
				CLANG_WARN_DIRECT_OBJC_ISA_USAGE = YES_ERROR;
				CLANG_WARN_DOCUMENTATION_COMMENTS = YES;
				CLANG_WARN_EMPTY_BODY = YES;
				CLANG_WARN_ENUM_CONVERSION = YES;
				CLANG_WARN_INFINITE_RECURSION = YES;
				CLANG_WARN_INT_CONVERSION = YES;
				CLANG_WARN_NON_LITERAL_NULL_CONVERSION = YES;
				CLANG_WARN_OBJC_IMPLICIT_RETAIN_SELF = YES;
				CLANG_WARN_OBJC_LITERAL_CONVERSION = YES;
				CLANG_WARN_OBJC_ROOT_CLASS = YES_ERROR;
				CLANG_WARN_RANGE_LOOP_ANALYSIS = YES;
				CLANG_WARN_STRICT_PROTOTYPES = YES;
				CLANG_WARN_SUSPICIOUS_MOVE = YES;
				CLANG_WARN_UNGUARDED_AVAILABILITY = YES_AGGRESSIVE;
				CLANG_WARN_UNREACHABLE_CODE = YES;
				CLANG_WARN__DUPLICATE_METHOD_MATCH = YES;
				COPY_PHASE_STRIP = NO;
				DEBUG_INFORMATION_FORMAT = "dwarf-with-dsym";
				ENABLE_NS_ASSERTIONS = NO;
				ENABLE_STRICT_OBJC_MSGSEND = YES;
				GCC_C_LANGUAGE_STANDARD = gnu11;
				GCC_NO_COMMON_BLOCKS = YES;
				GCC_WARN_64_TO_32_BIT_CONVERSION = YES;
				GCC_WARN_ABOUT_RETURN_TYPE = YES_ERROR;
				GCC_WARN_UNDECLARED_SELECTOR = YES;
				GCC_WARN_UNINITIALIZED_AUTOS = YES_AGGRESSIVE;
				GCC_WARN_UNUSED_FUNCTION = YES;
				GCC_WARN_UNUSED_VARIABLE = YES;
				IPHONEOS_DEPLOYMENT_TARGET = 13.2;
				MTL_ENABLE_DEBUG_INFO = NO;
				MTL_FAST_MATH = YES;
				SDKROOT = iphoneos;
				SWIFT_COMPILATION_MODE = wholemodule;
				SWIFT_OPTIMIZATION_LEVEL = "-O";
				VALIDATE_PRODUCT = YES;
			};
			name = Release;
		};
		B2A6BBE5238952FE002A7D36 /* Debug */ = {
			isa = XCBuildConfiguration;
			buildSettings = {
				ASSETCATALOG_COMPILER_APPICON_NAME = AppIcon;
				CODE_SIGN_STYLE = Automatic;
				DEVELOPMENT_TEAM = 884A68J42K;
				INFOPLIST_FILE = "pingPong11-23-19/Info.plist";
				LD_RUNPATH_SEARCH_PATHS = (
					"$(inherited)",
					"@executable_path/Frameworks",
				);
				PRODUCT_BUNDLE_IDENTIFIER = "com.sapining.pingPong11-23-19";
				PRODUCT_NAME = "$(TARGET_NAME)";
				SWIFT_VERSION = 5.0;
				TARGETED_DEVICE_FAMILY = "1,2";
			};
			name = Debug;
		};
		B2A6BBE6238952FE002A7D36 /* Release */ = {
			isa = XCBuildConfiguration;
			buildSettings = {
				ASSETCATALOG_COMPILER_APPICON_NAME = AppIcon;
				CODE_SIGN_STYLE = Automatic;
				DEVELOPMENT_TEAM = 884A68J42K;
				INFOPLIST_FILE = "pingPong11-23-19/Info.plist";
				LD_RUNPATH_SEARCH_PATHS = (
					"$(inherited)",
					"@executable_path/Frameworks",
				);
				PRODUCT_BUNDLE_IDENTIFIER = "com.sapining.pingPong11-23-19";
				PRODUCT_NAME = "$(TARGET_NAME)";
				SWIFT_VERSION = 5.0;
				TARGETED_DEVICE_FAMILY = "1,2";
			};
			name = Release;
		};
/* End XCBuildConfiguration section */

/* Begin XCConfigurationList section */
		B2A6BBCB238952FD002A7D36 /* Build configuration list for PBXProject "pingPong11-23-19" */ = {
			isa = XCConfigurationList;
			buildConfigurations = (
				B2A6BBE2238952FE002A7D36 /* Debug */,
				B2A6BBE3238952FE002A7D36 /* Release */,
			);
			defaultConfigurationIsVisible = 0;
			defaultConfigurationName = Release;
		};
		B2A6BBE4238952FE002A7D36 /* Build configuration list for PBXNativeTarget "pingPong11-23-19" */ = {
			isa = XCConfigurationList;
			buildConfigurations = (
				B2A6BBE5238952FE002A7D36 /* Debug */,
				B2A6BBE6238952FE002A7D36 /* Release */,
			);
			defaultConfigurationIsVisible = 0;
			defaultConfigurationName = Release;
		};
/* End XCConfigurationList section */
	};
	rootObject = B2A6BBC8238952FD002A7D36 /* Project object */;
}
